<?xml version="1.0" encoding="UTF-8" standalone="yes" ?>
<CodeBlocks_project_file>
	<FileVersion major="1" minor="6" />
	<Project>
		<Option title="FSML++" />
		<Option pch_mode="2" />
		<Option compiler="gcc" />
		<Build>
			<Target title="Debug">
				<Option output="bin/Debug/fsmlpp" prefix_auto="1" extension_auto="1" />
				<Option object_output="obj/Debug/" />
				<Option type="1" />
				<Option compiler="gcc" />
				<Compiler>
					<Add option="-g" />
					<Add directory="include/abstract" />
					<Add directory="include/parser" />
					<Add directory="include" />
					<Add directory="include/fsml" />
					<Add directory="include/validator" />
					<Add directory="include/generate" />
				</Compiler>
			</Target>
			<Target title="Release">
				<Option output="bin/Release/fsmlpp" prefix_auto="1" extension_auto="1" />
				<Option object_output="obj/Release/" />
				<Option type="1" />
				<Option compiler="gcc" />
				<Compiler>
					<Add option="-fexpensive-optimizations" />
					<Add option="-O3" />
					<Add directory="include/abstract" />
					<Add directory="include/parser" />
					<Add directory="include" />
					<Add directory="include/fsml" />
					<Add directory="include/validator" />
					<Add directory="include/generate" />
				</Compiler>
				<Linker>
					<Add option="-s" />
				</Linker>
			</Target>
		</Build>
		<Compiler>
			<Add option="-pedantic" />
			<Add option="-std=c++11" />
			<Add option="-Wall" />
			<Add option="-fexceptions" />
			<Add directory="lib" />
			<Add directory="include" />
		</Compiler>
		<Linker>
			<Add directory="spirit" />
			<Add directory="include" />
		</Linker>
		<Unit filename="include/fsml/Action.hpp" />
		<Unit filename="include/fsml/Machine.hpp" />
		<Unit filename="include/fsml/State.hpp" />
		<Unit filename="include/fsml/Step.hpp" />
		<Unit filename="include/generate/Generate.hpp" />
		<Unit filename="include/generate/Generator.hpp" />
		<Unit filename="include/parser/Machine.hpp" />
		<Unit filename="include/parser/NewParser.hpp" />
		<Unit filename="include/parser/Parser.hpp" />
		<Unit filename="include/parser/State.hpp" />
		<Unit filename="include/parser/Step.hpp" />
		<Unit filename="include/validator/Exception.hpp" />
		<Unit filename="include/validator/Validator.hpp" />
		<Unit filename="main.cpp" />
		<Unit filename="src/fsml/Action.cpp" />
		<Unit filename="src/fsml/Machine.cpp" />
		<Unit filename="src/fsml/State.cpp" />
		<Unit filename="src/fsml/Step.cpp" />
		<Unit filename="src/generate/Generate.cpp" />
		<Unit filename="src/generate/Generator.cpp" />
		<Unit filename="src/parser/Machine.cpp" />
		<Unit filename="src/parser/Parser.cpp" />
		<Unit filename="src/parser/State.cpp" />
		<Unit filename="src/parser/Step.cpp" />
		<Unit filename="src/validator/Exception.cpp" />
		<Unit filename="src/validator/Validator.cpp" />
		<Extensions>
			<code_completion />
			<envvars />
			<debugger />
			<lib_finder disable_auto="1" />
		</Extensions>
	</Project>
</CodeBlocks_project_file>
